<?xml version="1.0" encoding="utf-8"?>
<Project ToolsVersion="4.0" xmlns="http://schemas.microsoft.com/developer/msbuild/2003">
  <ItemGroup>
    <Filter Include="源文件">
      <UniqueIdentifier>{4FC737F1-C7A5-4376-A066-2A32D752A2FF}</UniqueIdentifier>
      <Extensions>cpp;c;cc;cxx;def;odl;idl;hpj;bat;asm;asmx</Extensions>
    </Filter>
    <Filter Include="头文件">
      <UniqueIdentifier>{93995380-89BD-4b04-88EB-625FBE52EBFB}</UniqueIdentifier>
      <Extensions>h;hpp;hxx;hm;inl;inc;xsd</Extensions>
    </Filter>
    <Filter Include="资源文件">
      <UniqueIdentifier>{67DA6AB6-F800-4c08-8B7A-83BB121AAD01}</UniqueIdentifier>
      <Extensions>rc;ico;cur;bmp;dlg;rc2;rct;bin;rgs;gif;jpg;jpeg;jpe;resx;tiff;tif;png;wav</Extensions>
    </Filter>
    <Filter Include="VLC">
      <UniqueIdentifier>{60533c42-79ac-4643-921c-745e244bbaa0}</UniqueIdentifier>
    </Filter>
    <Filter Include="duilib">
      <UniqueIdentifier>{3cc38639-3908-4cce-a62d-49e20ed5f8e6}</UniqueIdentifier>
    </Filter>
    <Filter Include="Utils">
      <UniqueIdentifier>{5d9622ad-3135-4948-b631-5e595063093f}</UniqueIdentifier>
    </Filter>
  </ItemGroup>
  <ItemGroup>
    <ClCompile Include="DuiFrameWnd.cpp">
      <Filter>源文件</Filter>
    </ClCompile>
    <ClCompile Include="main.cpp">
      <Filter>源文件</Filter>
    </ClCompile>
    <ClCompile Include="PlayList.cpp">
      <Filter>源文件</Filter>
    </ClCompile>
    <ClCompile Include="..\_include\xmp\AVPlayer.cpp">
      <Filter>VLC</Filter>
    </ClCompile>
    <ClCompile Include="MenuWnd.cpp">
      <Filter>duilib</Filter>
    </ClCompile>
  </ItemGroup>
  <ItemGroup>
    <ClInclude Include="DuiFrameWnd.h">
      <Filter>头文件</Filter>
    </ClInclude>
    <ClInclude Include="PlayList.h">
      <Filter>头文件</Filter>
    </ClInclude>
    <ClInclude Include="resource.h">
      <Filter>头文件</Filter>
    </ClInclude>
    <ClInclude Include="..\_include\xmp\AVPlayer.h">
      <Filter>VLC</Filter>
    </ClInclude>
    <ClInclude Include="duilib.h">
      <Filter>duilib</Filter>
    </ClInclude>
    <ClInclude Include="MenuWnd.h">
      <Filter>duilib</Filter>
    </ClInclude>
    <ClInclude Include="DefineUnicode.h">
      <Filter>Utils</Filter>
    </ClInclude>
    <ClInclude Include="KDetectMemoryLeak.h">
      <Filter>Utils</Filter>
    </ClInclude>
  </ItemGroup>
  <ItemGroup>
    <Image Include="logo.ico">
      <Filter>资源文件</Filter>
    </Image>
  </ItemGroup>
  <ItemGroup>
    <ResourceCompile Include="XMP.rc">
      <Filter>资源文件</Filter>
    </ResourceCompile>
  </ItemGroup>
</Project>